
Microsoft Visual Studio Solution File, Format Version 12.00
# Visual Studio Version 17
VisualStudioVersion = 17.6.33723.286
MinimumVisualStudioVersion = 10.0.40219.1
Project("{FAE04EC0-301F-11D3-BF4B-00C04F79EFBC}") = "TestWebsite", "TestWebsite\TestWebsite.csproj", "{710AE506-90C3-48F5-A616-E8AD4A27D93B}"
EndProject
Global
	GlobalSection(SolutionConfigurationPlatforms) = preSolution
		Debug|Any CPU = Debug|Any CPU
		Release|Any CPU = Release|Any CPU
	EndGlobalSection
	GlobalSection(ProjectConfigurationPlatforms) = postSolution
		{710AE506-90C3-48F5-A616-E8AD4A27D93B}.Debug|Any CPU.ActiveCfg = Debug|Any CPU
		{710AE506-90C3-48F5-A616-E8AD4A27D93B}.Debug|Any CPU.Build.0 = Debug|Any CPU
		{710AE506-90C3-48F5-A616-E8AD4A27D93B}.Release|Any CPU.ActiveCfg = Release|Any CPU
		{710AE506-90C3-48F5-A616-E8AD4A27D93B}.Release|Any CPU.Build.0 = Release|Any CPU
	EndGlobalSection
	GlobalSection(SolutionProperties) = preSolution
		HideSolutionNode = FALSE
	EndGlobalSection
	GlobalSection(ExtensibilityGlobals) = postSolution
		SolutionGuid = {E6ED5ACF-402F-4164-878D-5A26980DBC22}
	EndGlobalSection
EndGlobal
